
Microsoft Visual Studio Solution File, Format Version 12.00
# Visual Studio Version 17
VisualStudioVersion = 17.14.36212.18 d17.14
MinimumVisualStudioVersion = 10.0.40219.1
Project("{FAE04EC0-301F-11D3-BF4B-00C04F79EFBC}") = "UserGroupManagement.Api", "UserGroupManagement.Api\UserGroupManagement.Api.csproj", "{7619CE3B-C344-434A-AA7D-ECA43F8F596F}"
EndProject
Project("{FAE04EC0-301F-11D3-BF4B-00C04F79EFBC}") = "UserGroupManagement.Service", "UserGroupManagement.Service\UserGroupManagement.Service.csproj", "{658FC5F6-4C80-4344-8619-9A2D6A9BFB9B}"
EndProject
Project("{FAE04EC0-301F-11D3-BF4B-00C04F79EFBC}") = "UserGroupManagement.Repository", "UserGroupManagement.Repository\UserGroupManagement.Repository.csproj", "{CF5B148B-0D4C-4E47-A6E0-70BA0D656F9B}"
EndProject
Project("{FAE04EC0-301F-11D3-BF4B-00C04F79EFBC}") = "UserGroupManagement.Common", "UserGroupManagement.Common\UserGroupManagement.Common.csproj", "{40FC8F8E-5618-47E1-84C4-2394C2132FEE}"
EndProject
Project("{FAE04EC0-301F-11D3-BF4B-00C04F79EFBC}") = "UserGroupManagement.Tests", "UserGroupManagement.Tests\UserGroupManagement.Tests.csproj", "{B28C92E5-EAE8-4D64-8B8B-CC364A0672B0}"
EndProject
Project("{2150E333-8FDC-42A3-9474-1A3956D46DE8}") = "Database", "Database", "{02EA681E-C7D8-13C7-8484-4AC65E1B71E8}"
EndProject
Global
	GlobalSection(SolutionConfigurationPlatforms) = preSolution
		Debug|Any CPU = Debug|Any CPU
		Release|Any CPU = Release|Any CPU
	EndGlobalSection
	GlobalSection(ProjectConfigurationPlatforms) = postSolution
		{7619CE3B-C344-434A-AA7D-ECA43F8F596F}.Debug|Any CPU.ActiveCfg = Debug|Any CPU
		{7619CE3B-C344-434A-AA7D-ECA43F8F596F}.Debug|Any CPU.Build.0 = Debug|Any CPU
		{7619CE3B-C344-434A-AA7D-ECA43F8F596F}.Release|Any CPU.ActiveCfg = Release|Any CPU
		{7619CE3B-C344-434A-AA7D-ECA43F8F596F}.Release|Any CPU.Build.0 = Release|Any CPU
		{658FC5F6-4C80-4344-8619-9A2D6A9BFB9B}.Debug|Any CPU.ActiveCfg = Debug|Any CPU
		{658FC5F6-4C80-4344-8619-9A2D6A9BFB9B}.Debug|Any CPU.Build.0 = Debug|Any CPU
		{658FC5F6-4C80-4344-8619-9A2D6A9BFB9B}.Release|Any CPU.ActiveCfg = Release|Any CPU
		{658FC5F6-4C80-4344-8619-9A2D6A9BFB9B}.Release|Any CPU.Build.0 = Release|Any CPU
		{CF5B148B-0D4C-4E47-A6E0-70BA0D656F9B}.Debug|Any CPU.ActiveCfg = Debug|Any CPU
		{CF5B148B-0D4C-4E47-A6E0-70BA0D656F9B}.Debug|Any CPU.Build.0 = Debug|Any CPU
		{CF5B148B-0D4C-4E47-A6E0-70BA0D656F9B}.Release|Any CPU.ActiveCfg = Release|Any CPU
		{CF5B148B-0D4C-4E47-A6E0-70BA0D656F9B}.Release|Any CPU.Build.0 = Release|Any CPU
		{40FC8F8E-5618-47E1-84C4-2394C2132FEE}.Debug|Any CPU.ActiveCfg = Debug|Any CPU
		{40FC8F8E-5618-47E1-84C4-2394C2132FEE}.Debug|Any CPU.Build.0 = Debug|Any CPU
		{40FC8F8E-5618-47E1-84C4-2394C2132FEE}.Release|Any CPU.ActiveCfg = Release|Any CPU
		{40FC8F8E-5618-47E1-84C4-2394C2132FEE}.Release|Any CPU.Build.0 = Release|Any CPU
		{B28C92E5-EAE8-4D64-8B8B-CC364A0672B0}.Debug|Any CPU.ActiveCfg = Debug|Any CPU
		{B28C92E5-EAE8-4D64-8B8B-CC364A0672B0}.Debug|Any CPU.Build.0 = Debug|Any CPU
		{B28C92E5-EAE8-4D64-8B8B-CC364A0672B0}.Release|Any CPU.ActiveCfg = Release|Any CPU
		{B28C92E5-EAE8-4D64-8B8B-CC364A0672B0}.Release|Any CPU.Build.0 = Release|Any CPU
	EndGlobalSection
	GlobalSection(SolutionProperties) = preSolution
		HideSolutionNode = FALSE
	EndGlobalSection
	GlobalSection(ExtensibilityGlobals) = postSolution
		SolutionGuid = {A106D7DB-AF74-4034-AC74-99D0AB9B19D0}
	EndGlobalSection
EndGlobal
